
Microsoft Visual Studio Solution File, Format Version 12.00
# Visual Studio Version 17
VisualStudioVersion = 17.0.31903.59
MinimumVisualStudioVersion = 10.0.40219.1
Project("{2150E333-8FDC-42A3-9474-1A3956D46DE8}") = "src", "src", "{827E0CD3-B72D-47B6-A68D-7590B98EB39B}"
EndProject
Project("{FAE04EC0-301F-11D3-BF4B-00C04F79EFBC}") = "MovieSys.Api", "src\MovieSys.Api\MovieSys.Api.csproj", "{473AC7B6-DBFE-4682-B5E3-C592E9AB71D8}"
EndProject
Project("{FAE04EC0-301F-11D3-BF4B-00C04F79EFBC}") = "MovieSys.Application", "src\MovieSys.Application\MovieSys.Application.csproj", "{7B669DA5-9B3F-412D-9AD8-7E691E4F614B}"
EndProject
Project("{FAE04EC0-301F-11D3-BF4B-00C04F79EFBC}") = "MovieSys.Domain", "src\MovieSys.Domain\MovieSys.Domain.csproj", "{EC9F5022-F7F8-4C1C-B4F8-51A86CEE8138}"
EndProject
Project("{FAE04EC0-301F-11D3-BF4B-00C04F79EFBC}") = "MovieSys.Infrastructure", "src\MovieSys.Infrastructure\MovieSys.Infrastructure.csproj", "{66E02DFF-D9A0-46E8-AD79-5FCFCC8B10F6}"
EndProject
Project("{2150E333-8FDC-42A3-9474-1A3956D46DE8}") = "tests", "tests", "{0AB3BF05-4346-4AA6-1389-037BE0695223}"
EndProject
Project("{FAE04EC0-301F-11D3-BF4B-00C04F79EFBC}") = "MovieSys.UnitTests", "tests\MovieSys.UnitTests\MovieSys.UnitTests.csproj", "{DC051066-0351-42A2-8AF8-95B2B17B4814}"
EndProject
Project("{2150E333-8FDC-42A3-9474-1A3956D46DE8}") = "tools", "tools", "{07C2787E-EAC7-C090-1BA3-A61EC2A24D84}"
EndProject
Project("{FAE04EC0-301F-11D3-BF4B-00C04F79EFBC}") = "MovieSys.DbMigrator", "tools\MovieSys.DbMigrator\MovieSys.DbMigrator.csproj", "{AB8CED09-E28A-4A66-A320-899C6D0730B6}"
EndProject
Project("{FAE04EC0-301F-11D3-BF4B-00C04F79EFBC}") = "MovieSys.IntegrationTests", "tests\MovieSys.IntegrationTests\MovieSys.IntegrationTests.csproj", "{0AF646B7-F059-4551-96C1-D100159512CE}"
EndProject
Project("{FAE04EC0-301F-11D3-BF4B-00C04F79EFBC}") = "MovieSys.AdminSeeder", "tools\MovieSys.AdminSeeder\MovieSys.AdminSeeder.csproj", "{B8D2D629-B83D-4B15-875A-842C17D4174B}"
EndProject
Global
	GlobalSection(SolutionConfigurationPlatforms) = preSolution
		Debug|Any CPU = Debug|Any CPU
		Debug|x64 = Debug|x64
		Debug|x86 = Debug|x86
		Release|Any CPU = Release|Any CPU
		Release|x64 = Release|x64
		Release|x86 = Release|x86
	EndGlobalSection
	GlobalSection(ProjectConfigurationPlatforms) = postSolution
		{473AC7B6-DBFE-4682-B5E3-C592E9AB71D8}.Debug|Any CPU.ActiveCfg = Debug|Any CPU
		{473AC7B6-DBFE-4682-B5E3-C592E9AB71D8}.Debug|Any CPU.Build.0 = Debug|Any CPU
		{473AC7B6-DBFE-4682-B5E3-C592E9AB71D8}.Debug|x64.ActiveCfg = Debug|Any CPU
		{473AC7B6-DBFE-4682-B5E3-C592E9AB71D8}.Debug|x64.Build.0 = Debug|Any CPU
		{473AC7B6-DBFE-4682-B5E3-C592E9AB71D8}.Debug|x86.ActiveCfg = Debug|Any CPU
		{473AC7B6-DBFE-4682-B5E3-C592E9AB71D8}.Debug|x86.Build.0 = Debug|Any CPU
		{473AC7B6-DBFE-4682-B5E3-C592E9AB71D8}.Release|Any CPU.ActiveCfg = Release|Any CPU
		{473AC7B6-DBFE-4682-B5E3-C592E9AB71D8}.Release|Any CPU.Build.0 = Release|Any CPU
		{473AC7B6-DBFE-4682-B5E3-C592E9AB71D8}.Release|x64.ActiveCfg = Release|Any CPU
		{473AC7B6-DBFE-4682-B5E3-C592E9AB71D8}.Release|x64.Build.0 = Release|Any CPU
		{473AC7B6-DBFE-4682-B5E3-C592E9AB71D8}.Release|x86.ActiveCfg = Release|Any CPU
		{473AC7B6-DBFE-4682-B5E3-C592E9AB71D8}.Release|x86.Build.0 = Release|Any CPU
		{7B669DA5-9B3F-412D-9AD8-7E691E4F614B}.Debug|Any CPU.ActiveCfg = Debug|Any CPU
		{7B669DA5-9B3F-412D-9AD8-7E691E4F614B}.Debug|Any CPU.Build.0 = Debug|Any CPU
		{7B669DA5-9B3F-412D-9AD8-7E691E4F614B}.Debug|x64.ActiveCfg = Debug|Any CPU
		{7B669DA5-9B3F-412D-9AD8-7E691E4F614B}.Debug|x64.Build.0 = Debug|Any CPU
		{7B669DA5-9B3F-412D-9AD8-7E691E4F614B}.Debug|x86.ActiveCfg = Debug|Any CPU
		{7B669DA5-9B3F-412D-9AD8-7E691E4F614B}.Debug|x86.Build.0 = Debug|Any CPU
		{7B669DA5-9B3F-412D-9AD8-7E691E4F614B}.Release|Any CPU.ActiveCfg = Release|Any CPU
		{7B669DA5-9B3F-412D-9AD8-7E691E4F614B}.Release|Any CPU.Build.0 = Release|Any CPU
		{7B669DA5-9B3F-412D-9AD8-7E691E4F614B}.Release|x64.ActiveCfg = Release|Any CPU
		{7B669DA5-9B3F-412D-9AD8-7E691E4F614B}.Release|x64.Build.0 = Release|Any CPU
		{7B669DA5-9B3F-412D-9AD8-7E691E4F614B}.Release|x86.ActiveCfg = Release|Any CPU
		{7B669DA5-9B3F-412D-9AD8-7E691E4F614B}.Release|x86.Build.0 = Release|Any CPU
		{EC9F5022-F7F8-4C1C-B4F8-51A86CEE8138}.Debug|Any CPU.ActiveCfg = Debug|Any CPU
		{EC9F5022-F7F8-4C1C-B4F8-51A86CEE8138}.Debug|Any CPU.Build.0 = Debug|Any CPU
		{EC9F5022-F7F8-4C1C-B4F8-51A86CEE8138}.Debug|x64.ActiveCfg = Debug|Any CPU
		{EC9F5022-F7F8-4C1C-B4F8-51A86CEE8138}.Debug|x64.Build.0 = Debug|Any CPU
		{EC9F5022-F7F8-4C1C-B4F8-51A86CEE8138}.Debug|x86.ActiveCfg = Debug|Any CPU
		{EC9F5022-F7F8-4C1C-B4F8-51A86CEE8138}.Debug|x86.Build.0 = Debug|Any CPU
		{EC9F5022-F7F8-4C1C-B4F8-51A86CEE8138}.Release|Any CPU.ActiveCfg = Release|Any CPU
		{EC9F5022-F7F8-4C1C-B4F8-51A86CEE8138}.Release|Any CPU.Build.0 = Release|Any CPU
		{EC9F5022-F7F8-4C1C-B4F8-51A86CEE8138}.Release|x64.ActiveCfg = Release|Any CPU
		{EC9F5022-F7F8-4C1C-B4F8-51A86CEE8138}.Release|x64.Build.0 = Release|Any CPU
		{EC9F5022-F7F8-4C1C-B4F8-51A86CEE8138}.Release|x86.ActiveCfg = Release|Any CPU
		{EC9F5022-F7F8-4C1C-B4F8-51A86CEE8138}.Release|x86.Build.0 = Release|Any CPU
		{66E02DFF-D9A0-46E8-AD79-5FCFCC8B10F6}.Debug|Any CPU.ActiveCfg = Debug|Any CPU
		{66E02DFF-D9A0-46E8-AD79-5FCFCC8B10F6}.Debug|Any CPU.Build.0 = Debug|Any CPU
		{66E02DFF-D9A0-46E8-AD79-5FCFCC8B10F6}.Debug|x64.ActiveCfg = Debug|Any CPU
		{66E02DFF-D9A0-46E8-AD79-5FCFCC8B10F6}.Debug|x64.Build.0 = Debug|Any CPU
		{66E02DFF-D9A0-46E8-AD79-5FCFCC8B10F6}.Debug|x86.ActiveCfg = Debug|Any CPU
		{66E02DFF-D9A0-46E8-AD79-5FCFCC8B10F6}.Debug|x86.Build.0 = Debug|Any CPU
		{66E02DFF-D9A0-46E8-AD79-5FCFCC8B10F6}.Release|Any CPU.ActiveCfg = Release|Any CPU
		{66E02DFF-D9A0-46E8-AD79-5FCFCC8B10F6}.Release|Any CPU.Build.0 = Release|Any CPU
		{66E02DFF-D9A0-46E8-AD79-5FCFCC8B10F6}.Release|x64.ActiveCfg = Release|Any CPU
		{66E02DFF-D9A0-46E8-AD79-5FCFCC8B10F6}.Release|x64.Build.0 = Release|Any CPU
		{66E02DFF-D9A0-46E8-AD79-5FCFCC8B10F6}.Release|x86.ActiveCfg = Release|Any CPU
		{66E02DFF-D9A0-46E8-AD79-5FCFCC8B10F6}.Release|x86.Build.0 = Release|Any CPU
		{DC051066-0351-42A2-8AF8-95B2B17B4814}.Debug|Any CPU.ActiveCfg = Debug|Any CPU
		{DC051066-0351-42A2-8AF8-95B2B17B4814}.Debug|Any CPU.Build.0 = Debug|Any CPU
		{DC051066-0351-42A2-8AF8-95B2B17B4814}.Debug|x64.ActiveCfg = Debug|Any CPU
		{DC051066-0351-42A2-8AF8-95B2B17B4814}.Debug|x64.Build.0 = Debug|Any CPU
		{DC051066-0351-42A2-8AF8-95B2B17B4814}.Debug|x86.ActiveCfg = Debug|Any CPU
		{DC051066-0351-42A2-8AF8-95B2B17B4814}.Debug|x86.Build.0 = Debug|Any CPU
		{DC051066-0351-42A2-8AF8-95B2B17B4814}.Release|Any CPU.ActiveCfg = Release|Any CPU
		{DC051066-0351-42A2-8AF8-95B2B17B4814}.Release|Any CPU.Build.0 = Release|Any CPU
		{DC051066-0351-42A2-8AF8-95B2B17B4814}.Release|x64.ActiveCfg = Release|Any CPU
		{DC051066-0351-42A2-8AF8-95B2B17B4814}.Release|x64.Build.0 = Release|Any CPU
		{DC051066-0351-42A2-8AF8-95B2B17B4814}.Release|x86.ActiveCfg = Release|Any CPU
		{DC051066-0351-42A2-8AF8-95B2B17B4814}.Release|x86.Build.0 = Release|Any CPU
		{AB8CED09-E28A-4A66-A320-899C6D0730B6}.Debug|Any CPU.ActiveCfg = Debug|Any CPU
		{AB8CED09-E28A-4A66-A320-899C6D0730B6}.Debug|Any CPU.Build.0 = Debug|Any CPU
		{AB8CED09-E28A-4A66-A320-899C6D0730B6}.Debug|x64.ActiveCfg = Debug|Any CPU
		{AB8CED09-E28A-4A66-A320-899C6D0730B6}.Debug|x64.Build.0 = Debug|Any CPU
		{AB8CED09-E28A-4A66-A320-899C6D0730B6}.Debug|x86.ActiveCfg = Debug|Any CPU
		{AB8CED09-E28A-4A66-A320-899C6D0730B6}.Debug|x86.Build.0 = Debug|Any CPU
		{AB8CED09-E28A-4A66-A320-899C6D0730B6}.Release|Any CPU.ActiveCfg = Release|Any CPU
		{AB8CED09-E28A-4A66-A320-899C6D0730B6}.Release|Any CPU.Build.0 = Release|Any CPU
		{AB8CED09-E28A-4A66-A320-899C6D0730B6}.Release|x64.ActiveCfg = Release|Any CPU
		{AB8CED09-E28A-4A66-A320-899C6D0730B6}.Release|x64.Build.0 = Release|Any CPU
		{AB8CED09-E28A-4A66-A320-899C6D0730B6}.Release|x86.ActiveCfg = Release|Any CPU
		{AB8CED09-E28A-4A66-A320-899C6D0730B6}.Release|x86.Build.0 = Release|Any CPU
		{0AF646B7-F059-4551-96C1-D100159512CE}.Debug|Any CPU.ActiveCfg = Debug|Any CPU
		{0AF646B7-F059-4551-96C1-D100159512CE}.Debug|Any CPU.Build.0 = Debug|Any CPU
		{0AF646B7-F059-4551-96C1-D100159512CE}.Debug|x64.ActiveCfg = Debug|Any CPU
		{0AF646B7-F059-4551-96C1-D100159512CE}.Debug|x64.Build.0 = Debug|Any CPU
		{0AF646B7-F059-4551-96C1-D100159512CE}.Debug|x86.ActiveCfg = Debug|Any CPU
		{0AF646B7-F059-4551-96C1-D100159512CE}.Debug|x86.Build.0 = Debug|Any CPU
		{0AF646B7-F059-4551-96C1-D100159512CE}.Release|Any CPU.ActiveCfg = Release|Any CPU
		{0AF646B7-F059-4551-96C1-D100159512CE}.Release|Any CPU.Build.0 = Release|Any CPU
		{0AF646B7-F059-4551-96C1-D100159512CE}.Release|x64.ActiveCfg = Release|Any CPU
		{0AF646B7-F059-4551-96C1-D100159512CE}.Release|x64.Build.0 = Release|Any CPU
		{0AF646B7-F059-4551-96C1-D100159512CE}.Release|x86.ActiveCfg = Release|Any CPU
		{0AF646B7-F059-4551-96C1-D100159512CE}.Release|x86.Build.0 = Release|Any CPU
		{B8D2D629-B83D-4B15-875A-842C17D4174B}.Debug|Any CPU.ActiveCfg = Debug|Any CPU
		{B8D2D629-B83D-4B15-875A-842C17D4174B}.Debug|Any CPU.Build.0 = Debug|Any CPU
		{B8D2D629-B83D-4B15-875A-842C17D4174B}.Debug|x64.ActiveCfg = Debug|Any CPU
		{B8D2D629-B83D-4B15-875A-842C17D4174B}.Debug|x64.Build.0 = Debug|Any CPU
		{B8D2D629-B83D-4B15-875A-842C17D4174B}.Debug|x86.ActiveCfg = Debug|Any CPU
		{B8D2D629-B83D-4B15-875A-842C17D4174B}.Debug|x86.Build.0 = Debug|Any CPU
		{B8D2D629-B83D-4B15-875A-842C17D4174B}.Release|Any CPU.ActiveCfg = Release|Any CPU
		{B8D2D629-B83D-4B15-875A-842C17D4174B}.Release|Any CPU.Build.0 = Release|Any CPU
		{B8D2D629-B83D-4B15-875A-842C17D4174B}.Release|x64.ActiveCfg = Release|Any CPU
		{B8D2D629-B83D-4B15-875A-842C17D4174B}.Release|x64.Build.0 = Release|Any CPU
		{B8D2D629-B83D-4B15-875A-842C17D4174B}.Release|x86.ActiveCfg = Release|Any CPU
		{B8D2D629-B83D-4B15-875A-842C17D4174B}.Release|x86.Build.0 = Release|Any CPU
	EndGlobalSection
	GlobalSection(SolutionProperties) = preSolution
		HideSolutionNode = FALSE
	EndGlobalSection
	GlobalSection(NestedProjects) = preSolution
		{473AC7B6-DBFE-4682-B5E3-C592E9AB71D8} = {827E0CD3-B72D-47B6-A68D-7590B98EB39B}
		{7B669DA5-9B3F-412D-9AD8-7E691E4F614B} = {827E0CD3-B72D-47B6-A68D-7590B98EB39B}
		{EC9F5022-F7F8-4C1C-B4F8-51A86CEE8138} = {827E0CD3-B72D-47B6-A68D-7590B98EB39B}
		{66E02DFF-D9A0-46E8-AD79-5FCFCC8B10F6} = {827E0CD3-B72D-47B6-A68D-7590B98EB39B}
		{DC051066-0351-42A2-8AF8-95B2B17B4814} = {0AB3BF05-4346-4AA6-1389-037BE0695223}
		{AB8CED09-E28A-4A66-A320-899C6D0730B6} = {07C2787E-EAC7-C090-1BA3-A61EC2A24D84}
		{0AF646B7-F059-4551-96C1-D100159512CE} = {0AB3BF05-4346-4AA6-1389-037BE0695223}
		{B8D2D629-B83D-4B15-875A-842C17D4174B} = {07C2787E-EAC7-C090-1BA3-A61EC2A24D84}
	EndGlobalSection
EndGlobal
